// !$*UTF8*$!
{
	archiveVersion = 1;
	classes = {
	};
	objectVersion = 50;
	objects = {

/* Begin PBXBuildFile section */
		60897A1C2312AFB80015A4F9 /* AppDelegate.swift in Sources */ = {isa = PBXBuildFile; fileRef = 60897A1B2312AFB80015A4F9 /* AppDelegate.swift */; };
		60897A1E2312AFB80015A4F9 /* ViewController.swift in Sources */ = {isa = PBXBuildFile; fileRef = 60897A1D2312AFB80015A4F9 /* ViewController.swift */; };
		60897A212312AFB80015A4F9 /* Main.storyboard in Resources */ = {isa = PBXBuildFile; fileRef = 60897A1F2312AFB80015A4F9 /* Main.storyboard */; };
		60897A242312AFB80015A4F9 /* usingCoreData.xcdatamodeld in Sources */ = {isa = PBXBuildFile; fileRef = 60897A222312AFB80015A4F9 /* usingCoreData.xcdatamodeld */; };
		60897A262312AFB90015A4F9 /* Assets.xcassets in Resources */ = {isa = PBXBuildFile; fileRef = 60897A252312AFB90015A4F9 /* Assets.xcassets */; };
		60897A292312AFB90015A4F9 /* LaunchScreen.storyboard in Resources */ = {isa = PBXBuildFile; fileRef = 60897A272312AFB90015A4F9 /* LaunchScreen.storyboard */; };
/* End PBXBuildFile section */

/* Begin PBXFileReference section */
		60897A182312AFB80015A4F9 /* usingCoreData.app */ = {isa = PBXFileReference; explicitFileType = wrapper.application; includeInIndex = 0; path = usingCoreData.app; sourceTree = BUILT_PRODUCTS_DIR; };
		60897A1B2312AFB80015A4F9 /* AppDelegate.swift */ = {isa = PBXFileReference; lastKnownFileType = sourcecode.swift; path = AppDelegate.swift; sourceTree = "<group>"; };
		60897A1D2312AFB80015A4F9 /* ViewController.swift */ = {isa = PBXFileReference; lastKnownFileType = sourcecode.swift; path = ViewController.swift; sourceTree = "<group>"; };
		60897A202312AFB80015A4F9 /* Base */ = {isa = PBXFileReference; lastKnownFileType = file.storyboard; name = Base; path = Base.lproj/Main.storyboard; sourceTree = "<group>"; };
		60897A232312AFB80015A4F9 /* usingCoreData.xcdatamodel */ = {isa = PBXFileReference; lastKnownFileType = wrapper.xcdatamodel; path = usingCoreData.xcdatamodel; sourceTree = "<group>"; };
		60897A252312AFB90015A4F9 /* Assets.xcassets */ = {isa = PBXFileReference; lastKnownFileType = folder.assetcatalog; path = Assets.xcassets; sourceTree = "<group>"; };
		60897A282312AFB90015A4F9 /* Base */ = {isa = PBXFileReference; lastKnownFileType = file.storyboard; name = Base; path = Base.lproj/LaunchScreen.storyboard; sourceTree = "<group>"; };
		60897A2A2312AFB90015A4F9 /* Info.plist */ = {isa = PBXFileReference; lastKnownFileType = text.plist.xml; path = Info.plist; sourceTree = "<group>"; };
/* End PBXFileReference section */

/* Begin PBXFrameworksBuildPhase section */
		60897A152312AFB80015A4F9 /* Frameworks */ = {
			isa = PBXFrameworksBuildPhase;
			buildActionMask = 2147483647;
			files = (
			);
			runOnlyForDeploymentPostprocessing = 0;
		};
/* End PBXFrameworksBuildPhase section */

/* Begin PBXGroup section */
		60897A0F2312AFB80015A4F9 = {
			isa = PBXGroup;
			children = (
				60897A1A2312AFB80015A4F9 /* usingCoreData */,
				60897A192312AFB80015A4F9 /* Products */,
			);
			sourceTree = "<group>";
		};
		60897A192312AFB80015A4F9 /* Products */ = {
			isa = PBXGroup;
			children = (
				60897A182312AFB80015A4F9 /* usingCoreData.app */,
			);
			name = Products;
			sourceTree = "<group>";
		};
		60897A1A2312AFB80015A4F9 /* usingCoreData */ = {
			isa = PBXGroup;
			children = (
				60897A322312AFC70015A4F9 /* model */,
				60897A312312AFC60015A4F9 /* view */,
				60897A302312AFC30015A4F9 /* controller */,
				60897A252312AFB90015A4F9 /* Assets.xcassets */,
				60897A272312AFB90015A4F9 /* LaunchScreen.storyboard */,
				60897A2A2312AFB90015A4F9 /* Info.plist */,
				60897A222312AFB80015A4F9 /* usingCoreData.xcdatamodeld */,
			);
			path = usingCoreData;
			sourceTree = "<group>";
		};
		60897A302312AFC30015A4F9 /* controller */ = {
			isa = PBXGroup;
			children = (
				60897A1B2312AFB80015A4F9 /* AppDelegate.swift */,
				60897A1D2312AFB80015A4F9 /* ViewController.swift */,
			);
			path = controller;
			sourceTree = "<group>";
		};
		60897A312312AFC60015A4F9 /* view */ = {
			isa = PBXGroup;
			children = (
				60897A1F2312AFB80015A4F9 /* Main.storyboard */,
			);
			path = view;
			sourceTree = "<group>";
		};
		60897A322312AFC70015A4F9 /* model */ = {
			isa = PBXGroup;
			children = (
			);
			path = model;
			sourceTree = "<group>";
		};
/* End PBXGroup section */

/* Begin PBXNativeTarget section */
		60897A172312AFB80015A4F9 /* usingCoreData */ = {
			isa = PBXNativeTarget;
			buildConfigurationList = 60897A2D2312AFB90015A4F9 /* Build configuration list for PBXNativeTarget "usingCoreData" */;
			buildPhases = (
				60897A142312AFB80015A4F9 /* Sources */,
				60897A152312AFB80015A4F9 /* Frameworks */,
				60897A162312AFB80015A4F9 /* Resources */,
			);
			buildRules = (
			);
			dependencies = (
			);
			name = usingCoreData;
			productName = usingCoreData;
			productReference = 60897A182312AFB80015A4F9 /* usingCoreData.app */;
			productType = "com.apple.product-type.application";
		};
/* End PBXNativeTarget section */

/* Begin PBXProject section */
		60897A102312AFB80015A4F9 /* Project object */ = {
			isa = PBXProject;
			attributes = {
				LastSwiftUpdateCheck = 1010;
				LastUpgradeCheck = 1010;
				ORGANIZATIONNAME = "Mohamed Samir";
				TargetAttributes = {
					60897A172312AFB80015A4F9 = {
						CreatedOnToolsVersion = 10.1;
					};
				};
			};
			buildConfigurationList = 60897A132312AFB80015A4F9 /* Build configuration list for PBXProject "usingCoreData" */;
			compatibilityVersion = "Xcode 9.3";
			developmentRegion = en;
			hasScannedForEncodings = 0;
			knownRegions = (
				en,
				Base,
			);
			mainGroup = 60897A0F2312AFB80015A4F9;
			productRefGroup = 60897A192312AFB80015A4F9 /* Products */;
			projectDirPath = "";
			projectRoot = "";
			targets = (
				60897A172312AFB80015A4F9 /* usingCoreData */,
			);
		};
/* End PBXProject section */

/* Begin PBXResourcesBuildPhase section */
		60897A162312AFB80015A4F9 /* Resources */ = {
			isa = PBXResourcesBuildPhase;
			buildActionMask = 2147483647;
			files = (
				60897A292312AFB90015A4F9 /* LaunchScreen.storyboard in Resources */,
				60897A262312AFB90015A4F9 /* Assets.xcassets in Resources */,
				60897A212312AFB80015A4F9 /* Main.storyboard in Resources */,
			);
			runOnlyForDeploymentPostprocessing = 0;
		};
/* End PBXResourcesBuildPhase section */

/* Begin PBXSourcesBuildPhase section */
		60897A142312AFB80015A4F9 /* Sources */ = {
			isa = PBXSourcesBuildPhase;
			buildActionMask = 2147483647;
			files = (
				60897A242312AFB80015A4F9 /* usingCoreData.xcdatamodeld in Sources */,
				60897A1E2312AFB80015A4F9 /* ViewController.swift in Sources */,
				60897A1C2312AFB80015A4F9 /* AppDelegate.swift in Sources */,
			);
			runOnlyForDeploymentPostprocessing = 0;
		};
/* End PBXSourcesBuildPhase section */

/* Begin PBXVariantGroup section */
		60897A1F2312AFB80015A4F9 /* Main.storyboard */ = {
			isa = PBXVariantGroup;
			children = (
				60897A202312AFB80015A4F9 /* Base */,
			);
			name = Main.storyboard;
			sourceTree = "<group>";
		};
		60897A272312AFB90015A4F9 /* LaunchScreen.storyboard */ = {
			isa = PBXVariantGroup;
			children = (
				60897A282312AFB90015A4F9 /* Base */,
			);
			name = LaunchScreen.storyboard;
			sourceTree = "<group>";
		};
/* End PBXVariantGroup section */

/* Begin XCBuildConfiguration section */
		60897A2B2312AFB90015A4F9 /* Debug */ = {
			isa = XCBuildConfiguration;
			buildSettings = {
				ALWAYS_SEARCH_USER_PATHS = NO;
				CLANG_ANALYZER_NONNULL = YES;
				CLANG_ANALYZER_NUMBER_OBJECT_CONVERSION = YES_AGGRESSIVE;
				CLANG_CXX_LANGUAGE_STANDARD = "gnu++14";
				CLANG_CXX_LIBRARY = "libc++";
				CLANG_ENABLE_MODULES = YES;
				CLANG_ENABLE_OBJC_ARC = YES;
				CLANG_ENABLE_OBJC_WEAK = YES;
				CLANG_WARN_BLOCK_CAPTURE_AUTORELEASING = YES;
				CLANG_WARN_BOOL_CONVERSION = YES;
				CLANG_WARN_COMMA = YES;
				CLANG_WARN_CONSTANT_CONVERSION = YES;
				CLANG_WARN_DEPRECATED_OBJC_IMPLEMENTATIONS = YES;
				CLANG_WARN_DIRECT_OBJC_ISA_USAGE = YES_ERROR;
				CLANG_WARN_DOCUMENTATION_COMMENTS = YES;
				CLANG_WARN_EMPTY_BODY = YES;
				CLANG_WARN_ENUM_CONVERSION = YES;
				CLANG_WARN_INFINITE_RECURSION = YES;
				CLANG_WARN_INT_CONVERSION = YES;
				CLANG_WARN_NON_LITERAL_NULL_CONVERSION = YES;
				CLANG_WARN_OBJC_IMPLICIT_RETAIN_SELF = YES;
				CLANG_WARN_OBJC_LITERAL_CONVERSION = YES;
				CLANG_WARN_OBJC_ROOT_CLASS = YES_ERROR;
				CLANG_WARN_RANGE_LOOP_ANALYSIS = YES;
				CLANG_WARN_STRICT_PROTOTYPES = YES;
				CLANG_WARN_SUSPICIOUS_MOVE = YES;
				CLANG_WARN_UNGUARDED_AVAILABILITY = YES_AGGRESSIVE;
				CLANG_WARN_UNREACHABLE_CODE = YES;
				CLANG_WARN__DUPLICATE_METHOD_MATCH = YES;
				CODE_SIGN_IDENTITY = "iPhone Developer";
				COPY_PHASE_STRIP = NO;
				DEBUG_INFORMATION_FORMAT = dwarf;
				ENABLE_STRICT_OBJC_MSGSEND = YES;
				ENABLE_TESTABILITY = YES;
				GCC_C_LANGUAGE_STANDARD = gnu11;
				GCC_DYNAMIC_NO_PIC = NO;
				GCC_NO_COMMON_BLOCKS = YES;
				GCC_OPTIMIZATION_LEVEL = 0;
				GCC_PREPROCESSOR_DEFINITIONS = (
					"DEBUG=1",
					"$(inherited)",
				);
				GCC_WARN_64_TO_32_BIT_CONVERSION = YES;
				GCC_WARN_ABOUT_RETURN_TYPE = YES_ERROR;
				GCC_WARN_UNDECLARED_SELECTOR = YES;
				GCC_WARN_UNINITIALIZED_AUTOS = YES_AGGRESSIVE;
				GCC_WARN_UNUSED_FUNCTION = YES;
				GCC_WARN_UNUSED_VARIABLE = YES;
				IPHONEOS_DEPLOYMENT_TARGET = 12.1;
				MTL_ENABLE_DEBUG_INFO = INCLUDE_SOURCE;
				MTL_FAST_MATH = YES;
				ONLY_ACTIVE_ARCH = YES;
				SDKROOT = iphoneos;
				SWIFT_ACTIVE_COMPILATION_CONDITIONS = DEBUG;
				SWIFT_OPTIMIZATION_LEVEL = "-Onone";
			};
			name = Debug;
		};
		60897A2C2312AFB90015A4F9 /* Release */ = {
			isa = XCBuildConfiguration;
			buildSettings = {
				ALWAYS_SEARCH_USER_PATHS = NO;
				CLANG_ANALYZER_NONNULL = YES;
				CLANG_ANALYZER_NUMBER_OBJECT_CONVERSION = YES_AGGRESSIVE;
				CLANG_CXX_LANGUAGE_STANDARD = "gnu++14";
				CLANG_CXX_LIBRARY = "libc++";
				CLANG_ENABLE_MODULES = YES;
				CLANG_ENABLE_OBJC_ARC = YES;
				CLANG_ENABLE_OBJC_WEAK = YES;
				CLANG_WARN_BLOCK_CAPTURE_AUTORELEASING = YES;
				CLANG_WARN_BOOL_CONVERSION = YES;
				CLANG_WARN_COMMA = YES;
				CLANG_WARN_CONSTANT_CONVERSION = YES;
				CLANG_WARN_DEPRECATED_OBJC_IMPLEMENTATIONS = YES;
				CLANG_WARN_DIRECT_OBJC_ISA_USAGE = YES_ERROR;
				CLANG_WARN_DOCUMENTATION_COMMENTS = YES;
				CLANG_WARN_EMPTY_BODY = YES;
				CLANG_WARN_ENUM_CONVERSION = YES;
				CLANG_WARN_INFINITE_RECURSION = YES;
				CLANG_WARN_INT_CONVERSION = YES;
				CLANG_WARN_NON_LITERAL_NULL_CONVERSION = YES;
				CLANG_WARN_OBJC_IMPLICIT_RETAIN_SELF = YES;
				CLANG_WARN_OBJC_LITERAL_CONVERSION = YES;
				CLANG_WARN_OBJC_ROOT_CLASS = YES_ERROR;
				CLANG_WARN_RANGE_LOOP_ANALYSIS = YES;
				CLANG_WARN_STRICT_PROTOTYPES = YES;
				CLANG_WARN_SUSPICIOUS_MOVE = YES;
				CLANG_WARN_UNGUARDED_AVAILABILITY = YES_AGGRESSIVE;
				CLANG_WARN_UNREACHABLE_CODE = YES;
				CLANG_WARN__DUPLICATE_METHOD_MATCH = YES;
				CODE_SIGN_IDENTITY = "iPhone Developer";
				COPY_PHASE_STRIP = NO;
				DEBUG_INFORMATION_FORMAT = "dwarf-with-dsym";
				ENABLE_NS_ASSERTIONS = NO;
				ENABLE_STRICT_OBJC_MSGSEND = YES;
				GCC_C_LANGUAGE_STANDARD = gnu11;
				GCC_NO_COMMON_BLOCKS = YES;
				GCC_WARN_64_TO_32_BIT_CONVERSION = YES;
				GCC_WARN_ABOUT_RETURN_TYPE = YES_ERROR;
				GCC_WARN_UNDECLARED_SELECTOR = YES;
				GCC_WARN_UNINITIALIZED_AUTOS = YES_AGGRESSIVE;
				GCC_WARN_UNUSED_FUNCTION = YES;
				GCC_WARN_UNUSED_VARIABLE = YES;
				IPHONEOS_DEPLOYMENT_TARGET = 12.1;
				MTL_ENABLE_DEBUG_INFO = NO;
				MTL_FAST_MATH = YES;
				SDKROOT = iphoneos;
				SWIFT_COMPILATION_MODE = wholemodule;
				SWIFT_OPTIMIZATION_LEVEL = "-O";
				VALIDATE_PRODUCT = YES;
			};
			name = Release;
		};
		60897A2E2312AFB90015A4F9 /* Debug */ = {
			isa = XCBuildConfiguration;
			buildSettings = {
				ASSETCATALOG_COMPILER_APPICON_NAME = AppIcon;
				CODE_SIGN_STYLE = Automatic;
				INFOPLIST_FILE = usingCoreData/Info.plist;
				LD_RUNPATH_SEARCH_PATHS = (
					"$(inherited)",
					"@executable_path/Frameworks",
				);
				PRODUCT_BUNDLE_IDENTIFIER = www.vodapro1.com.usingCoreData;
				PRODUCT_NAME = "$(TARGET_NAME)";
				SWIFT_VERSION = 4.2;
				TARGETED_DEVICE_FAMILY = "1,2";
			};
			name = Debug;
		};
		60897A2F2312AFB90015A4F9 /* Release */ = {
			isa = XCBuildConfiguration;
			buildSettings = {
				ASSETCATALOG_COMPILER_APPICON_NAME = AppIcon;
				CODE_SIGN_STYLE = Automatic;
				INFOPLIST_FILE = usingCoreData/Info.plist;
				LD_RUNPATH_SEARCH_PATHS = (
					"$(inherited)",
					"@executable_path/Frameworks",
				);
				PRODUCT_BUNDLE_IDENTIFIER = www.vodapro1.com.usingCoreData;
				PRODUCT_NAME = "$(TARGET_NAME)";
				SWIFT_VERSION = 4.2;
				TARGETED_DEVICE_FAMILY = "1,2";
			};
			name = Release;
		};
/* End XCBuildConfiguration section */

/* Begin XCConfigurationList section */
		60897A132312AFB80015A4F9 /* Build configuration list for PBXProject "usingCoreData" */ = {
			isa = XCConfigurationList;
			buildConfigurations = (
				60897A2B2312AFB90015A4F9 /* Debug */,
				60897A2C2312AFB90015A4F9 /* Release */,
			);
			defaultConfigurationIsVisible = 0;
			defaultConfigurationName = Release;
		};
		60897A2D2312AFB90015A4F9 /* Build configuration list for PBXNativeTarget "usingCoreData" */ = {
			isa = XCConfigurationList;
			buildConfigurations = (
				60897A2E2312AFB90015A4F9 /* Debug */,
				60897A2F2312AFB90015A4F9 /* Release */,
			);
			defaultConfigurationIsVisible = 0;
			defaultConfigurationName = Release;
		};
/* End XCConfigurationList section */

/* Begin XCVersionGroup section */
		60897A222312AFB80015A4F9 /* usingCoreData.xcdatamodeld */ = {
			isa = XCVersionGroup;
			children = (
				60897A232312AFB80015A4F9 /* usingCoreData.xcdatamodel */,
			);
			currentVersion = 60897A232312AFB80015A4F9 /* usingCoreData.xcdatamodel */;
			path = usingCoreData.xcdatamodeld;
			sourceTree = "<group>";
			versionGroupType = wrapper.xcdatamodel;
		};
/* End XCVersionGroup section */
	};
	rootObject = 60897A102312AFB80015A4F9 /* Project object */;
}
